
Microsoft Visual Studio Solution File, Format Version 12.00
# Visual Studio Version 16
VisualStudioVersion = 16.0.30317.65
MinimumVisualStudioVersion = 10.0.40219.1
Project("{8BC9CEB8-8B4A-11D0-8D11-00A0C91BC942}") = "Salty", "Salty\Salty.vcxproj", "{BAF9F07A-2664-A5F1-6FA2-5697DB4B8346}"
EndProject
Project("{8BC9CEB8-8B4A-11D0-8D11-00A0C91BC942}") = "ImGui", "vendor\ImGui\ImGui.vcxproj", "{C0FF640D-2C14-8DBE-F595-301E616989EF}"
EndProject
Project("{8BC9CEB8-8B4A-11D0-8D11-00A0C91BC942}") = "MinHook", "vendor\MinHook\MinHook.vcxproj", "{1A77E127-8656-60C3-8F6E-EB99FBCCC624}"
EndProject
Project("{8BC9CEB8-8B4A-11D0-8D11-00A0C91BC942}") = "fmtlib", "vendor\fmtlib\fmtlib.vcxproj", "{2319C3FD-0FBB-EDD3-F875-0128E4B67424}"
EndProject
Project("{8BC9CEB8-8B4A-11D0-8D11-00A0C91BC942}") = "g3log", "vendor\g3log\g3log.vcxproj", "{81AD640F-EDC1-8CC0-B643-3020221789F1}"
EndProject
Project("{9A19103F-16F7-4668-BE54-9A1E7A4F7556}") = "logger", "logger\logger.csproj", "{62330629-5C2C-4D24-A24B-1B3F4EEC6751}"
EndProject
Project("{9A19103F-16F7-4668-BE54-9A1E7A4F7556}") = "process", "process\process.csproj", "{A4E6FB30-B5EF-4894-ABBC-F79A6DC181E5}"
EndProject
Project("{2150E333-8FDC-42A3-9474-1A3956D46DE8}") = "vendor", "vendor", "{9A17A5E3-A1CE-42C3-822F-3FFAD612A315}"
EndProject
Global
	GlobalSection(SolutionConfigurationPlatforms) = preSolution
		Debug|Any CPU = Debug|Any CPU
		Debug|x64 = Debug|x64
		Debug|x86 = Debug|x86
		Dist|Any CPU = Dist|Any CPU
		Dist|x64 = Dist|x64
		Dist|x86 = Dist|x86
		Release|Any CPU = Release|Any CPU
		Release|x64 = Release|x64
		Release|x86 = Release|x86
	EndGlobalSection
	GlobalSection(ProjectConfigurationPlatforms) = postSolution
		{BAF9F07A-2664-A5F1-6FA2-5697DB4B8346}.Debug|Any CPU.ActiveCfg = Debug|x64
		{BAF9F07A-2664-A5F1-6FA2-5697DB4B8346}.Debug|Any CPU.Build.0 = Debug|x64
		{BAF9F07A-2664-A5F1-6FA2-5697DB4B8346}.Debug|x64.ActiveCfg = Debug|x64
		{BAF9F07A-2664-A5F1-6FA2-5697DB4B8346}.Debug|x64.Build.0 = Debug|x64
		{BAF9F07A-2664-A5F1-6FA2-5697DB4B8346}.Debug|x86.ActiveCfg = Debug|x64
		{BAF9F07A-2664-A5F1-6FA2-5697DB4B8346}.Dist|Any CPU.ActiveCfg = Release|x64
		{BAF9F07A-2664-A5F1-6FA2-5697DB4B8346}.Dist|Any CPU.Build.0 = Release|x64
		{BAF9F07A-2664-A5F1-6FA2-5697DB4B8346}.Dist|x64.ActiveCfg = Debug|x64
		{BAF9F07A-2664-A5F1-6FA2-5697DB4B8346}.Dist|x64.Build.0 = Debug|x64
		{BAF9F07A-2664-A5F1-6FA2-5697DB4B8346}.Dist|x86.ActiveCfg = Release|x64
		{BAF9F07A-2664-A5F1-6FA2-5697DB4B8346}.Dist|x86.Build.0 = Release|x64
		{BAF9F07A-2664-A5F1-6FA2-5697DB4B8346}.Release|Any CPU.ActiveCfg = Release|x64
		{BAF9F07A-2664-A5F1-6FA2-5697DB4B8346}.Release|Any CPU.Build.0 = Release|x64
		{BAF9F07A-2664-A5F1-6FA2-5697DB4B8346}.Release|x64.ActiveCfg = Release|x64
		{BAF9F07A-2664-A5F1-6FA2-5697DB4B8346}.Release|x64.Build.0 = Release|x64
		{BAF9F07A-2664-A5F1-6FA2-5697DB4B8346}.Release|x86.ActiveCfg = Release|x64
		{C0FF640D-2C14-8DBE-F595-301E616989EF}.Debug|Any CPU.ActiveCfg = Debug|x64
		{C0FF640D-2C14-8DBE-F595-301E616989EF}.Debug|Any CPU.Build.0 = Debug|x64
		{C0FF640D-2C14-8DBE-F595-301E616989EF}.Debug|x64.ActiveCfg = Debug|x64
		{C0FF640D-2C14-8DBE-F595-301E616989EF}.Debug|x64.Build.0 = Debug|x64
		{C0FF640D-2C14-8DBE-F595-301E616989EF}.Debug|x86.ActiveCfg = Debug|x64
		{C0FF640D-2C14-8DBE-F595-301E616989EF}.Dist|Any CPU.ActiveCfg = Dist|x64
		{C0FF640D-2C14-8DBE-F595-301E616989EF}.Dist|x64.ActiveCfg = Dist|x64
		{C0FF640D-2C14-8DBE-F595-301E616989EF}.Dist|x64.Build.0 = Dist|x64
		{C0FF640D-2C14-8DBE-F595-301E616989EF}.Dist|x86.ActiveCfg = Dist|x64
		{C0FF640D-2C14-8DBE-F595-301E616989EF}.Release|Any CPU.ActiveCfg = Release|x64
		{C0FF640D-2C14-8DBE-F595-301E616989EF}.Release|Any CPU.Build.0 = Release|x64
		{C0FF640D-2C14-8DBE-F595-301E616989EF}.Release|x64.ActiveCfg = Release|x64
		{C0FF640D-2C14-8DBE-F595-301E616989EF}.Release|x64.Build.0 = Release|x64
		{C0FF640D-2C14-8DBE-F595-301E616989EF}.Release|x86.ActiveCfg = Release|x64
		{1A77E127-8656-60C3-8F6E-EB99FBCCC624}.Debug|Any CPU.ActiveCfg = Debug|x64
		{1A77E127-8656-60C3-8F6E-EB99FBCCC624}.Debug|Any CPU.Build.0 = Debug|x64
		{1A77E127-8656-60C3-8F6E-EB99FBCCC624}.Debug|x64.ActiveCfg = Debug|x64
		{1A77E127-8656-60C3-8F6E-EB99FBCCC624}.Debug|x64.Build.0 = Debug|x64
		{1A77E127-8656-60C3-8F6E-EB99FBCCC624}.Debug|x86.ActiveCfg = Debug|x64
		{1A77E127-8656-60C3-8F6E-EB99FBCCC624}.Dist|Any CPU.ActiveCfg = Dist|x64
		{1A77E127-8656-60C3-8F6E-EB99FBCCC624}.Dist|x64.ActiveCfg = Dist|x64
		{1A77E127-8656-60C3-8F6E-EB99FBCCC624}.Dist|x64.Build.0 = Dist|x64
		{1A77E127-8656-60C3-8F6E-EB99FBCCC624}.Dist|x86.ActiveCfg = Dist|x64
		{1A77E127-8656-60C3-8F6E-EB99FBCCC624}.Release|Any CPU.ActiveCfg = Release|x64
		{1A77E127-8656-60C3-8F6E-EB99FBCCC624}.Release|Any CPU.Build.0 = Release|x64
		{1A77E127-8656-60C3-8F6E-EB99FBCCC624}.Release|x64.ActiveCfg = Release|x64
		{1A77E127-8656-60C3-8F6E-EB99FBCCC624}.Release|x64.Build.0 = Release|x64
		{1A77E127-8656-60C3-8F6E-EB99FBCCC624}.Release|x86.ActiveCfg = Release|x64
		{2319C3FD-0FBB-EDD3-F875-0128E4B67424}.Debug|Any CPU.ActiveCfg = Debug|x64
		{2319C3FD-0FBB-EDD3-F875-0128E4B67424}.Debug|Any CPU.Build.0 = Debug|x64
		{2319C3FD-0FBB-EDD3-F875-0128E4B67424}.Debug|x64.ActiveCfg = Debug|x64
		{2319C3FD-0FBB-EDD3-F875-0128E4B67424}.Debug|x64.Build.0 = Debug|x64
		{2319C3FD-0FBB-EDD3-F875-0128E4B67424}.Debug|x86.ActiveCfg = Debug|x64
		{2319C3FD-0FBB-EDD3-F875-0128E4B67424}.Dist|Any CPU.ActiveCfg = Dist|x64
		{2319C3FD-0FBB-EDD3-F875-0128E4B67424}.Dist|x64.ActiveCfg = Dist|x64
		{2319C3FD-0FBB-EDD3-F875-0128E4B67424}.Dist|x64.Build.0 = Dist|x64
		{2319C3FD-0FBB-EDD3-F875-0128E4B67424}.Dist|x86.ActiveCfg = Dist|x64
		{2319C3FD-0FBB-EDD3-F875-0128E4B67424}.Release|Any CPU.ActiveCfg = Release|x64
		{2319C3FD-0FBB-EDD3-F875-0128E4B67424}.Release|Any CPU.Build.0 = Release|x64
		{2319C3FD-0FBB-EDD3-F875-0128E4B67424}.Release|x64.ActiveCfg = Release|x64
		{2319C3FD-0FBB-EDD3-F875-0128E4B67424}.Release|x64.Build.0 = Release|x64
		{2319C3FD-0FBB-EDD3-F875-0128E4B67424}.Release|x86.ActiveCfg = Release|x64
		{81AD640F-EDC1-8CC0-B643-3020221789F1}.Debug|Any CPU.ActiveCfg = Debug|x64
		{81AD640F-EDC1-8CC0-B643-3020221789F1}.Debug|Any CPU.Build.0 = Debug|x64
		{81AD640F-EDC1-8CC0-B643-3020221789F1}.Debug|x64.ActiveCfg = Debug|x64
		{81AD640F-EDC1-8CC0-B643-3020221789F1}.Debug|x64.Build.0 = Debug|x64
		{81AD640F-EDC1-8CC0-B643-3020221789F1}.Debug|x86.ActiveCfg = Debug|x64
		{81AD640F-EDC1-8CC0-B643-3020221789F1}.Dist|Any CPU.ActiveCfg = Dist|x64
		{81AD640F-EDC1-8CC0-B643-3020221789F1}.Dist|x64.ActiveCfg = Dist|x64
		{81AD640F-EDC1-8CC0-B643-3020221789F1}.Dist|x64.Build.0 = Dist|x64
		{81AD640F-EDC1-8CC0-B643-3020221789F1}.Dist|x86.ActiveCfg = Dist|x64
		{81AD640F-EDC1-8CC0-B643-3020221789F1}.Release|Any CPU.ActiveCfg = Release|x64
		{81AD640F-EDC1-8CC0-B643-3020221789F1}.Release|Any CPU.Build.0 = Release|x64
		{81AD640F-EDC1-8CC0-B643-3020221789F1}.Release|x64.ActiveCfg = Release|x64
		{81AD640F-EDC1-8CC0-B643-3020221789F1}.Release|x64.Build.0 = Release|x64
		{81AD640F-EDC1-8CC0-B643-3020221789F1}.Release|x86.ActiveCfg = Release|x64
		{62330629-5C2C-4D24-A24B-1B3F4EEC6751}.Debug|Any CPU.ActiveCfg = Debug|Any CPU
		{62330629-5C2C-4D24-A24B-1B3F4EEC6751}.Debug|Any CPU.Build.0 = Debug|Any CPU
		{62330629-5C2C-4D24-A24B-1B3F4EEC6751}.Debug|x64.ActiveCfg = Debug|Any CPU
		{62330629-5C2C-4D24-A24B-1B3F4EEC6751}.Debug|x64.Build.0 = Debug|Any CPU
		{62330629-5C2C-4D24-A24B-1B3F4EEC6751}.Debug|x86.ActiveCfg = Debug|Any CPU
		{62330629-5C2C-4D24-A24B-1B3F4EEC6751}.Debug|x86.Build.0 = Debug|Any CPU
		{62330629-5C2C-4D24-A24B-1B3F4EEC6751}.Dist|Any CPU.ActiveCfg = Debug|Any CPU
		{62330629-5C2C-4D24-A24B-1B3F4EEC6751}.Dist|Any CPU.Build.0 = Debug|Any CPU
		{62330629-5C2C-4D24-A24B-1B3F4EEC6751}.Dist|x64.ActiveCfg = Debug|Any CPU
		{62330629-5C2C-4D24-A24B-1B3F4EEC6751}.Dist|x64.Build.0 = Debug|Any CPU
		{62330629-5C2C-4D24-A24B-1B3F4EEC6751}.Dist|x86.ActiveCfg = Debug|Any CPU
		{62330629-5C2C-4D24-A24B-1B3F4EEC6751}.Dist|x86.Build.0 = Debug|Any CPU
		{62330629-5C2C-4D24-A24B-1B3F4EEC6751}.Release|Any CPU.ActiveCfg = Release|Any CPU
		{62330629-5C2C-4D24-A24B-1B3F4EEC6751}.Release|Any CPU.Build.0 = Release|Any CPU
		{62330629-5C2C-4D24-A24B-1B3F4EEC6751}.Release|x64.ActiveCfg = Release|Any CPU
		{62330629-5C2C-4D24-A24B-1B3F4EEC6751}.Release|x64.Build.0 = Release|Any CPU
		{62330629-5C2C-4D24-A24B-1B3F4EEC6751}.Release|x86.ActiveCfg = Release|Any CPU
		{62330629-5C2C-4D24-A24B-1B3F4EEC6751}.Release|x86.Build.0 = Release|Any CPU
		{A4E6FB30-B5EF-4894-ABBC-F79A6DC181E5}.Debug|Any CPU.ActiveCfg = Debug|Any CPU
		{A4E6FB30-B5EF-4894-ABBC-F79A6DC181E5}.Debug|Any CPU.Build.0 = Debug|Any CPU
		{A4E6FB30-B5EF-4894-ABBC-F79A6DC181E5}.Debug|x64.ActiveCfg = Debug|Any CPU
		{A4E6FB30-B5EF-4894-ABBC-F79A6DC181E5}.Debug|x64.Build.0 = Debug|Any CPU
		{A4E6FB30-B5EF-4894-ABBC-F79A6DC181E5}.Debug|x86.ActiveCfg = Debug|Any CPU
		{A4E6FB30-B5EF-4894-ABBC-F79A6DC181E5}.Debug|x86.Build.0 = Debug|Any CPU
		{A4E6FB30-B5EF-4894-ABBC-F79A6DC181E5}.Dist|Any CPU.ActiveCfg = Debug|Any CPU
		{A4E6FB30-B5EF-4894-ABBC-F79A6DC181E5}.Dist|Any CPU.Build.0 = Debug|Any CPU
		{A4E6FB30-B5EF-4894-ABBC-F79A6DC181E5}.Dist|x64.ActiveCfg = Debug|Any CPU
		{A4E6FB30-B5EF-4894-ABBC-F79A6DC181E5}.Dist|x64.Build.0 = Debug|Any CPU
		{A4E6FB30-B5EF-4894-ABBC-F79A6DC181E5}.Dist|x86.ActiveCfg = Debug|Any CPU
		{A4E6FB30-B5EF-4894-ABBC-F79A6DC181E5}.Dist|x86.Build.0 = Debug|Any CPU
		{A4E6FB30-B5EF-4894-ABBC-F79A6DC181E5}.Release|Any CPU.ActiveCfg = Release|Any CPU
		{A4E6FB30-B5EF-4894-ABBC-F79A6DC181E5}.Release|Any CPU.Build.0 = Release|Any CPU
		{A4E6FB30-B5EF-4894-ABBC-F79A6DC181E5}.Release|x64.ActiveCfg = Release|Any CPU
		{A4E6FB30-B5EF-4894-ABBC-F79A6DC181E5}.Release|x64.Build.0 = Release|Any CPU
		{A4E6FB30-B5EF-4894-ABBC-F79A6DC181E5}.Release|x86.ActiveCfg = Release|Any CPU
		{A4E6FB30-B5EF-4894-ABBC-F79A6DC181E5}.Release|x86.Build.0 = Release|Any CPU
	EndGlobalSection
	GlobalSection(SolutionProperties) = preSolution
		HideSolutionNode = FALSE
	EndGlobalSection
	GlobalSection(NestedProjects) = preSolution
		{C0FF640D-2C14-8DBE-F595-301E616989EF} = {9A17A5E3-A1CE-42C3-822F-3FFAD612A315}
		{1A77E127-8656-60C3-8F6E-EB99FBCCC624} = {9A17A5E3-A1CE-42C3-822F-3FFAD612A315}
		{2319C3FD-0FBB-EDD3-F875-0128E4B67424} = {9A17A5E3-A1CE-42C3-822F-3FFAD612A315}
		{81AD640F-EDC1-8CC0-B643-3020221789F1} = {9A17A5E3-A1CE-42C3-822F-3FFAD612A315}
		{62330629-5C2C-4D24-A24B-1B3F4EEC6751} = {9A17A5E3-A1CE-42C3-822F-3FFAD612A315}
		{A4E6FB30-B5EF-4894-ABBC-F79A6DC181E5} = {9A17A5E3-A1CE-42C3-822F-3FFAD612A315}
	EndGlobalSection
	GlobalSection(ExtensibilityGlobals) = postSolution
		SolutionGuid = {A274E604-24D5-4DFD-8358-41B3607339B1}
	EndGlobalSection
EndGlobal
